<?xml version="1.0" encoding="utf-8"?>
<Project ToolsVersion="4.0" xmlns="http://schemas.microsoft.com/developer/msbuild/2003">
  <ItemGroup>
    <Filter Include="imgui">
      <UniqueIdentifier>{0098A80F-6CAC-D0C0-352E-7420A101CDF1}</UniqueIdentifier>
    </Filter>
  </ItemGroup>
  <ItemGroup>
    <ClCompile Include="src\ImGuiManager.cpp" />
    <ClCompile Include="src\Renderer\Shader.cpp" />
    <ClCompile Include="src\glad.c" />
    <ClCompile Include="src\imgui\imgui.cpp">
      <Filter>imgui</Filter>
    </ClCompile>
    <ClCompile Include="src\imgui\imgui_demo.cpp">
      <Filter>imgui</Filter>
    </ClCompile>
    <ClCompile Include="src\imgui\imgui_draw.cpp">
      <Filter>imgui</Filter>
    </ClCompile>
    <ClCompile Include="src\imgui\imgui_impl_glfw.cpp">
      <Filter>imgui</Filter>
    </ClCompile>
    <ClCompile Include="src\imgui\imgui_impl_opengl3.cpp">
      <Filter>imgui</Filter>
    </ClCompile>
    <ClCompile Include="src\imgui\imgui_tables.cpp">
      <Filter>imgui</Filter>
    </ClCompile>
    <ClCompile Include="src\imgui\imgui_widgets.cpp">
      <Filter>imgui</Filter>
    </ClCompile>
    <ClCompile Include="src\main.cpp" />
    <ClCompile Include="src\stb_image.cpp" />
    <ClCompile Include="src\walkerpch.cpp" />
    <ClCompile Include="src\Platform\Windows\WindowsWindow.cpp" />
    <ClCompile Include="src\Renderer\GraphicsContext.cpp" />
    <ClCompile Include="src\Platform\OpenGL\OpenGLContext.cpp" />
    <ClCompile Include="src\Renderer\Buffer.cpp" />
    <ClCompile Include="src\Platform\OpenGL\OpenGLBuffer.cpp" />
    <ClCompile Include="src\Renderer\Renderer.cpp" />
    <ClCompile Include="src\Renderer\VertexArray.cpp" />
    <ClCompile Include="src\Platform\OpenGL\OpenGLVertexArray.cpp" />
    <ClCompile Include="src\Renderer\RenderCommand.cpp" />
    <ClCompile Include="src\Renderer\RendererAPI.cpp" />
    <ClCompile Include="src\Platform\OpenGL\OpenGLRendererAPI.cpp" />
    <ClCompile Include="src\Platform\OpenGL\OpenGLShader.cpp" />
    <ClCompile Include="src\Renderer\Texture.cpp" />
    <ClCompile Include="src\Platform\OpenGL\OpenGLTexture2D.cpp" />
    <ClCompile Include="src\Renderer\Framebuffer.cpp" />
    <ClCompile Include="src\Platform\OpenGL\OpenGLFramebuffer.cpp" />
    <ClCompile Include="src\Renderer\Material.cpp" />
    <ClCompile Include="src\Renderer\UniformBuffer.cpp" />
    <ClCompile Include="src\Platform\OpenGL\OpenGLUniformBuffer.cpp" />
    <ClCompile Include="src\Renderer\RenderPasses\GBuffer.cpp" />
    <ClCompile Include="src\Renderer\RenderPasses\GBufferPBRPass.cpp" />
    <ClCompile Include="src\Renderer\RenderPasses\SSAOBlurPass.cpp" />
    <ClCompile Include="src\Renderer\RenderPasses\SSAOPass.cpp" />
    <ClCompile Include="src\Core\Application.cpp" />
    <ClCompile Include="src\Core\Input.cpp" />
    <ClCompile Include="src\Core\Log.cpp" />
    <ClCompile Include="src\Core\Window.cpp" />
    <ClCompile Include="src\Scene\Camera.cpp" />
    <ClCompile Include="src\Scene\DirectionalLight.cpp" />
    <ClCompile Include="src\Scene\Mesh.cpp" />
    <ClCompile Include="src\Scene\Model.cpp" />
    <ClCompile Include="src\Scene\ModelNode.cpp" />
    <ClCompile Include="src\Scene\PointLight.cpp" />
    <ClCompile Include="src\Scene\Volume.cpp" />
    <ClCompile Include="src\Scene\Skybox.cpp" />
    <ClCompile Include="src\Math\SampleGeometry\Quad.cpp" />
    <ClCompile Include="src\Math\Transform.cpp" />
    <ClCompile Include="src\Platform\OpenGL\OpenGLTextureCubemap.cpp" />
    <ClCompile Include="src\Scene\Entity.cpp" />
    <ClCompile Include="src\Scene\Scene.cpp" />
  </ItemGroup>
  <ItemGroup>
    <ClInclude Include="src\ImGuiManager.h" />
    <ClInclude Include="src\Renderer\Shader.h" />
    <ClInclude Include="src\Walker.h" />
    <ClInclude Include="src\imgui\imconfig.h" />
    <ClInclude Include="src\imgui\imgui.h" />
    <ClInclude Include="src\imgui\imgui_impl_glfw.h" />
    <ClInclude Include="src\imgui\imgui_impl_opengl3.h" />
    <ClInclude Include="src\imgui\imgui_impl_opengl3_loader.h" />
    <ClInclude Include="src\imgui\imgui_internal.h" />
    <ClInclude Include="src\imgui\imstb_rectpack.h" />
    <ClInclude Include="src\imgui\imstb_textedit.h" />
    <ClInclude Include="src\imgui\imstb_truetype.h" />
    <ClInclude Include="src\Events\Event.h" />
    <ClInclude Include="src\Events\KeyboardEvent.h" />
    <ClInclude Include="src\Events\MouseEvent.h" />
    <ClInclude Include="src\Events\WindowEvent.h" />
    <ClInclude Include="src\walkerpch.h" />
    <ClInclude Include="src\Platform\Windows\WindowsWindow.h" />
    <ClInclude Include="src\Renderer\GraphicsContext.h" />
    <ClInclude Include="src\Platform\OpenGL\OpenGLContext.h" />
    <ClInclude Include="src\Renderer\Buffer.h" />
    <ClInclude Include="src\Platform\OpenGL\OpenGLBuffer.h" />
    <ClInclude Include="src\Renderer\Renderer.h" />
    <ClInclude Include="src\Renderer\VertexArray.h" />
    <ClInclude Include="src\Platform\OpenGL\OpenGLVertexArray.h" />
    <ClInclude Include="src\Renderer\RenderCommand.h" />
    <ClInclude Include="src\Renderer\RendererAPI.h" />
    <ClInclude Include="src\Platform\OpenGL\OpenGLRendererAPI.h" />
    <ClInclude Include="src\Platform\OpenGL\OpenGLShader.h" />
    <ClInclude Include="src\Renderer\Texture.h" />
    <ClInclude Include="src\Platform\OpenGL\OpenGLTexture2D.h" />
    <ClInclude Include="src\Renderer\Framebuffer.h" />
    <ClInclude Include="src\Platform\OpenGL\OpenGLFramebuffer.h" />
    <ClInclude Include="src\Renderer\RenderPass.h" />
    <ClInclude Include="src\Renderer\Material.h" />
    <ClInclude Include="src\Renderer\UniformBuffer.h" />
    <ClInclude Include="src\Platform\OpenGL\OpenGLUniformBuffer.h" />
    <ClInclude Include="src\Renderer\RenderPasses\GBuffer.h" />
    <ClInclude Include="src\Renderer\RenderPasses\GBufferPBRPass.h" />
    <ClInclude Include="src\Renderer\RenderPasses\SSAOPass.h" />
    <ClInclude Include="src\Renderer\RenderPasses\SSAOBlurPass.h" />
    <ClInclude Include="src\Core\Application.h" />
    <ClInclude Include="src\Core\Core.h" />
    <ClInclude Include="src\Core\EntryPoint.h" />
    <ClInclude Include="src\Core\Input.h" />
    <ClInclude Include="src\Core\KeyCodes.h" />
    <ClInclude Include="src\Core\Log.h" />
    <ClInclude Include="src\Core\Window.h" />
    <ClInclude Include="src\Scene\Camera.h" />
    <ClInclude Include="src\Scene\DirectionalLight.h" />
    <ClInclude Include="src\Scene\Mesh.h" />
    <ClInclude Include="src\Scene\Model.h" />
    <ClInclude Include="src\Scene\ModelNode.h" />
    <ClInclude Include="src\Core\MouseCodes.h" />
    <ClInclude Include="src\Scene\PointLight.h" />
    <ClInclude Include="src\Scene\Volume.h" />
    <ClInclude Include="src\Scene\Skybox.h" />
    <ClInclude Include="src\Math\SampleGeometry\Quad.h" />
    <ClInclude Include="src\Math\SampleGeometry\Cube.h" />
    <ClInclude Include="src\Math\Transform.h" />
    <ClInclude Include="src\Platform\OpenGL\OpenGLTextureCubemap.h" />
    <ClInclude Include="vendor\entt\entt.hpp" />
    <ClInclude Include="src\Scene\Entity.h" />
    <ClInclude Include="src\Scene\Scene.h" />
    <ClInclude Include="src\Scene\Components.h" />
  </ItemGroup>
  <ItemGroup>
    <None Include="cpp.hint" />
  </ItemGroup>
</Project>